// !$*UTF8*$!
{
	archiveVersion = 1;
	classes = {
	};
	objectVersion = 56;
	objects = {

/* Begin PBXBuildFile section */
		7C05ADA22A016D490093F3AC /* RecommenderViewModel.swift in Sources */ = {isa = PBXBuildFile; fileRef = 7C05ADA12A016D490093F3AC /* RecommenderViewModel.swift */; };
		7C549DA629DC796000DEEC91 /* Recipe.swift in Sources */ = {isa = PBXBuildFile; fileRef = 7C549DA529DC796000DEEC91 /* Recipe.swift */; };
		7C72D20E29D4AFA700E4A2CC /* GoogleService-Info.plist in Resources */ = {isa = PBXBuildFile; fileRef = 7C72D20D29D4AFA700E4A2CC /* GoogleService-Info.plist */; };
		7C72D21129D4AFD800E4A2CC /* FirebaseAnalytics in Frameworks */ = {isa = PBXBuildFile; productRef = 7C72D21029D4AFD800E4A2CC /* FirebaseAnalytics */; };
		7C72D21329D4AFD800E4A2CC /* FirebaseAnalyticsOnDeviceConversion in Frameworks */ = {isa = PBXBuildFile; productRef = 7C72D21229D4AFD800E4A2CC /* FirebaseAnalyticsOnDeviceConversion */; };
		7C72D21529D4AFD800E4A2CC /* FirebaseAnalyticsSwift in Frameworks */ = {isa = PBXBuildFile; productRef = 7C72D21429D4AFD800E4A2CC /* FirebaseAnalyticsSwift */; };
		7C72D21729D4AFD800E4A2CC /* FirebaseAnalyticsWithoutAdIdSupport in Frameworks */ = {isa = PBXBuildFile; productRef = 7C72D21629D4AFD800E4A2CC /* FirebaseAnalyticsWithoutAdIdSupport */; };
		7C72D21929D4AFD800E4A2CC /* FirebaseAuth in Frameworks */ = {isa = PBXBuildFile; productRef = 7C72D21829D4AFD800E4A2CC /* FirebaseAuth */; };
		7C72D21B29D4AFD800E4A2CC /* FirebaseAuthCombine-Community in Frameworks */ = {isa = PBXBuildFile; productRef = 7C72D21A29D4AFD800E4A2CC /* FirebaseAuthCombine-Community */; };
		7C72D21D29D4AFD800E4A2CC /* FirebaseDatabase in Frameworks */ = {isa = PBXBuildFile; productRef = 7C72D21C29D4AFD800E4A2CC /* FirebaseDatabase */; };
		7C72D21F29D4AFD800E4A2CC /* FirebaseDatabaseSwift in Frameworks */ = {isa = PBXBuildFile; productRef = 7C72D21E29D4AFD800E4A2CC /* FirebaseDatabaseSwift */; };
		7C72D22129D4AFD800E4A2CC /* FirebaseFirestore in Frameworks */ = {isa = PBXBuildFile; productRef = 7C72D22029D4AFD800E4A2CC /* FirebaseFirestore */; };
		7C72D22329D4AFD800E4A2CC /* FirebaseFirestoreCombine-Community in Frameworks */ = {isa = PBXBuildFile; productRef = 7C72D22229D4AFD800E4A2CC /* FirebaseFirestoreCombine-Community */; };
		7C72D22529D4AFD800E4A2CC /* FirebaseFirestoreSwift in Frameworks */ = {isa = PBXBuildFile; productRef = 7C72D22429D4AFD800E4A2CC /* FirebaseFirestoreSwift */; };
		7C72D22729D4AFD800E4A2CC /* FirebaseMLModelDownloader in Frameworks */ = {isa = PBXBuildFile; productRef = 7C72D22629D4AFD800E4A2CC /* FirebaseMLModelDownloader */; };
		7C72D22929D4AFD800E4A2CC /* FirebaseStorage in Frameworks */ = {isa = PBXBuildFile; productRef = 7C72D22829D4AFD800E4A2CC /* FirebaseStorage */; };
		7C72D22B29D4AFD800E4A2CC /* FirebaseStorageCombine-Community in Frameworks */ = {isa = PBXBuildFile; productRef = 7C72D22A29D4AFD800E4A2CC /* FirebaseStorageCombine-Community */; };
		7C86724429E490C6000C492F /* FridgeViewModel.swift in Sources */ = {isa = PBXBuildFile; fileRef = 7C86724329E490C6000C492F /* FridgeViewModel.swift */; };
		7CE54C8B2984179F00676743 /* UnifiedGroceryAppApp.swift in Sources */ = {isa = PBXBuildFile; fileRef = 7CE54C8A2984179F00676743 /* UnifiedGroceryAppApp.swift */; };
		7CE54C8D2984179F00676743 /* ContentView.swift in Sources */ = {isa = PBXBuildFile; fileRef = 7CE54C8C2984179F00676743 /* ContentView.swift */; };
		7CE54C8F298417A000676743 /* Assets.xcassets in Resources */ = {isa = PBXBuildFile; fileRef = 7CE54C8E298417A000676743 /* Assets.xcassets */; };
		7CE54C92298417A000676743 /* Preview Assets.xcassets in Resources */ = {isa = PBXBuildFile; fileRef = 7CE54C91298417A000676743 /* Preview Assets.xcassets */; };
		7CE54C9C298417A000676743 /* UnifiedGroceryAppTests.swift in Sources */ = {isa = PBXBuildFile; fileRef = 7CE54C9B298417A000676743 /* UnifiedGroceryAppTests.swift */; };
		7CE54CA6298417A000676743 /* UnifiedGroceryAppUITests.swift in Sources */ = {isa = PBXBuildFile; fileRef = 7CE54CA5298417A000676743 /* UnifiedGroceryAppUITests.swift */; };
		7CE54CA8298417A000676743 /* UnifiedGroceryAppUITestsLaunchTests.swift in Sources */ = {isa = PBXBuildFile; fileRef = 7CE54CA7298417A000676743 /* UnifiedGroceryAppUITestsLaunchTests.swift */; };
		7CED8D9E29DB55B70051A263 /* ViewModel.swift in Sources */ = {isa = PBXBuildFile; fileRef = 7CED8D9D29DB55B70051A263 /* ViewModel.swift */; };
		7CF6960029E5030C0018187C /* Ingredient.swift in Sources */ = {isa = PBXBuildFile; fileRef = 7CF695FF29E5030C0018187C /* Ingredient.swift */; };
		F2381C6F29C8D6E900BEA098 /* RecipeView.swift in Sources */ = {isa = PBXBuildFile; fileRef = F2381C6E29C8D6E900BEA098 /* RecipeView.swift */; };
		F2381C7229C8DF9700BEA098 /* HomeView.swift in Sources */ = {isa = PBXBuildFile; fileRef = F2381C7129C8DF9700BEA098 /* HomeView.swift */; };
		F2381C7429C8DFA000BEA098 /* EditView.swift in Sources */ = {isa = PBXBuildFile; fileRef = F2381C7329C8DFA000BEA098 /* EditView.swift */; };
		F2381C7629C8DFB100BEA098 /* FridgeView.swift in Sources */ = {isa = PBXBuildFile; fileRef = F2381C7529C8DFB100BEA098 /* FridgeView.swift */; };
		F2D1866629DDF731004B1292 /* RecipeObjectView.swift in Sources */ = {isa = PBXBuildFile; fileRef = F2D1866529DDF731004B1292 /* RecipeObjectView.swift */; };
		F2DCE4DC2A016E5700841739 /* AddView.swift in Sources */ = {isa = PBXBuildFile; fileRef = F2DCE4DB2A016E5700841739 /* AddView.swift */; };
		F2DCE4DE2A016E6B00841739 /* SettingsView.swift in Sources */ = {isa = PBXBuildFile; fileRef = F2DCE4DD2A016E6B00841739 /* SettingsView.swift */; };
/* End PBXBuildFile section */

/* Begin PBXContainerItemProxy section */
		7CE54C98298417A000676743 /* PBXContainerItemProxy */ = {
			isa = PBXContainerItemProxy;
			containerPortal = 7CE54C7F2984179F00676743 /* Project object */;
			proxyType = 1;
			remoteGlobalIDString = 7CE54C862984179F00676743;
			remoteInfo = UnifiedGroceryApp;
		};
		7CE54CA2298417A000676743 /* PBXContainerItemProxy */ = {
			isa = PBXContainerItemProxy;
			containerPortal = 7CE54C7F2984179F00676743 /* Project object */;
			proxyType = 1;
			remoteGlobalIDString = 7CE54C862984179F00676743;
			remoteInfo = UnifiedGroceryApp;
		};
/* End PBXContainerItemProxy section */

/* Begin PBXFileReference section */
		7C05ADA12A016D490093F3AC /* RecommenderViewModel.swift */ = {isa = PBXFileReference; fileEncoding = 4; lastKnownFileType = sourcecode.swift; path = RecommenderViewModel.swift; sourceTree = "<group>"; };
		7C549DA529DC796000DEEC91 /* Recipe.swift */ = {isa = PBXFileReference; lastKnownFileType = sourcecode.swift; path = Recipe.swift; sourceTree = "<group>"; };
		7C72D20D29D4AFA700E4A2CC /* GoogleService-Info.plist */ = {isa = PBXFileReference; fileEncoding = 4; lastKnownFileType = text.plist.xml; path = "GoogleService-Info.plist"; sourceTree = "<group>"; };
		7C86724329E490C6000C492F /* FridgeViewModel.swift */ = {isa = PBXFileReference; fileEncoding = 4; lastKnownFileType = sourcecode.swift; path = FridgeViewModel.swift; sourceTree = "<group>"; };
		7CE54C872984179F00676743 /* Unified Grocery App.app */ = {isa = PBXFileReference; explicitFileType = wrapper.application; includeInIndex = 0; path = "Unified Grocery App.app"; sourceTree = BUILT_PRODUCTS_DIR; };
		7CE54C8A2984179F00676743 /* UnifiedGroceryAppApp.swift */ = {isa = PBXFileReference; lastKnownFileType = sourcecode.swift; path = UnifiedGroceryAppApp.swift; sourceTree = "<group>"; };
		7CE54C8C2984179F00676743 /* ContentView.swift */ = {isa = PBXFileReference; lastKnownFileType = sourcecode.swift; path = ContentView.swift; sourceTree = "<group>"; };
		7CE54C8E298417A000676743 /* Assets.xcassets */ = {isa = PBXFileReference; lastKnownFileType = folder.assetcatalog; name = Assets.xcassets; path = UnifiedGroceryApp/Assets.xcassets; sourceTree = SOURCE_ROOT; };
		7CE54C91298417A000676743 /* Preview Assets.xcassets */ = {isa = PBXFileReference; lastKnownFileType = folder.assetcatalog; path = "Preview Assets.xcassets"; sourceTree = "<group>"; };
		7CE54C97298417A000676743 /* Unified Grocery AppTests.xctest */ = {isa = PBXFileReference; explicitFileType = wrapper.cfbundle; includeInIndex = 0; path = "Unified Grocery AppTests.xctest"; sourceTree = BUILT_PRODUCTS_DIR; };
		7CE54C9B298417A000676743 /* UnifiedGroceryAppTests.swift */ = {isa = PBXFileReference; lastKnownFileType = sourcecode.swift; path = UnifiedGroceryAppTests.swift; sourceTree = "<group>"; };
		7CE54CA1298417A000676743 /* Unified Grocery AppUITests.xctest */ = {isa = PBXFileReference; explicitFileType = wrapper.cfbundle; includeInIndex = 0; path = "Unified Grocery AppUITests.xctest"; sourceTree = BUILT_PRODUCTS_DIR; };
		7CE54CA5298417A000676743 /* UnifiedGroceryAppUITests.swift */ = {isa = PBXFileReference; lastKnownFileType = sourcecode.swift; path = UnifiedGroceryAppUITests.swift; sourceTree = "<group>"; };
		7CE54CA7298417A000676743 /* UnifiedGroceryAppUITestsLaunchTests.swift */ = {isa = PBXFileReference; lastKnownFileType = sourcecode.swift; path = UnifiedGroceryAppUITestsLaunchTests.swift; sourceTree = "<group>"; };
		7CED8D9D29DB55B70051A263 /* ViewModel.swift */ = {isa = PBXFileReference; lastKnownFileType = sourcecode.swift; path = ViewModel.swift; sourceTree = "<group>"; };
		7CF695FF29E5030C0018187C /* Ingredient.swift */ = {isa = PBXFileReference; lastKnownFileType = sourcecode.swift; path = Ingredient.swift; sourceTree = "<group>"; };
		F2381C6E29C8D6E900BEA098 /* RecipeView.swift */ = {isa = PBXFileReference; fileEncoding = 4; lastKnownFileType = sourcecode.swift; path = RecipeView.swift; sourceTree = "<group>"; };
		F2381C7129C8DF9700BEA098 /* HomeView.swift */ = {isa = PBXFileReference; fileEncoding = 4; lastKnownFileType = sourcecode.swift; path = HomeView.swift; sourceTree = "<group>"; };
		F2381C7329C8DFA000BEA098 /* EditView.swift */ = {isa = PBXFileReference; fileEncoding = 4; lastKnownFileType = sourcecode.swift; path = EditView.swift; sourceTree = "<group>"; };
		F2381C7529C8DFB100BEA098 /* FridgeView.swift */ = {isa = PBXFileReference; fileEncoding = 4; lastKnownFileType = sourcecode.swift; path = FridgeView.swift; sourceTree = "<group>"; };
		F2D1866529DDF731004B1292 /* RecipeObjectView.swift */ = {isa = PBXFileReference; lastKnownFileType = sourcecode.swift; path = RecipeObjectView.swift; sourceTree = "<group>"; };
		F2DCE4DB2A016E5700841739 /* AddView.swift */ = {isa = PBXFileReference; lastKnownFileType = sourcecode.swift; path = AddView.swift; sourceTree = "<group>"; };
		F2DCE4DD2A016E6B00841739 /* SettingsView.swift */ = {isa = PBXFileReference; lastKnownFileType = sourcecode.swift; path = SettingsView.swift; sourceTree = "<group>"; };
/* End PBXFileReference section */

/* Begin PBXFrameworksBuildPhase section */
		7CE54C842984179F00676743 /* Frameworks */ = {
			isa = PBXFrameworksBuildPhase;
			buildActionMask = 2147483647;
			files = (
				7C72D21F29D4AFD800E4A2CC /* FirebaseDatabaseSwift in Frameworks */,
				7C72D21529D4AFD800E4A2CC /* FirebaseAnalyticsSwift in Frameworks */,
				7C72D21B29D4AFD800E4A2CC /* FirebaseAuthCombine-Community in Frameworks */,
				7C72D22729D4AFD800E4A2CC /* FirebaseMLModelDownloader in Frameworks */,
				7C72D22329D4AFD800E4A2CC /* FirebaseFirestoreCombine-Community in Frameworks */,
				7C72D21929D4AFD800E4A2CC /* FirebaseAuth in Frameworks */,
				7C72D22529D4AFD800E4A2CC /* FirebaseFirestoreSwift in Frameworks */,
				7C72D21129D4AFD800E4A2CC /* FirebaseAnalytics in Frameworks */,
				7C72D22B29D4AFD800E4A2CC /* FirebaseStorageCombine-Community in Frameworks */,
				7C72D22929D4AFD800E4A2CC /* FirebaseStorage in Frameworks */,
				7C72D22129D4AFD800E4A2CC /* FirebaseFirestore in Frameworks */,
				7C72D21329D4AFD800E4A2CC /* FirebaseAnalyticsOnDeviceConversion in Frameworks */,
				7C72D21D29D4AFD800E4A2CC /* FirebaseDatabase in Frameworks */,
				7C72D21729D4AFD800E4A2CC /* FirebaseAnalyticsWithoutAdIdSupport in Frameworks */,
			);
			runOnlyForDeploymentPostprocessing = 0;
		};
		7CE54C94298417A000676743 /* Frameworks */ = {
			isa = PBXFrameworksBuildPhase;
			buildActionMask = 2147483647;
			files = (
			);
			runOnlyForDeploymentPostprocessing = 0;
		};
		7CE54C9E298417A000676743 /* Frameworks */ = {
			isa = PBXFrameworksBuildPhase;
			buildActionMask = 2147483647;
			files = (
			);
			runOnlyForDeploymentPostprocessing = 0;
		};
/* End PBXFrameworksBuildPhase section */

/* Begin PBXGroup section */
		7CE54C7E2984179F00676743 = {
			isa = PBXGroup;
			children = (
				7CE54C892984179F00676743 /* UnifiedGroceryApp */,
				7CE54C9A298417A000676743 /* UnifiedGroceryAppTests */,
				7CE54CA4298417A000676743 /* UnifiedGroceryAppUITests */,
				7CE54C882984179F00676743 /* Products */,
			);
			sourceTree = "<group>";
		};
		7CE54C882984179F00676743 /* Products */ = {
			isa = PBXGroup;
			children = (
				7CE54C872984179F00676743 /* Unified Grocery App.app */,
				7CE54C97298417A000676743 /* Unified Grocery AppTests.xctest */,
				7CE54CA1298417A000676743 /* Unified Grocery AppUITests.xctest */,
			);
			name = Products;
			sourceTree = "<group>";
		};
		7CE54C892984179F00676743 /* UnifiedGroceryApp */ = {
			isa = PBXGroup;
			children = (
				7CED8D9C29DB559B0051A263 /* ViewModels */,
				7C72D20D29D4AFA700E4A2CC /* GoogleService-Info.plist */,
				7CE54C8A2984179F00676743 /* UnifiedGroceryAppApp.swift */,
				F2381C7029C8DF7000BEA098 /* Views */,
				7CE54C8C2984179F00676743 /* ContentView.swift */,
				7CE54C8E298417A000676743 /* Assets.xcassets */,
				7CED8D9729DB54140051A263 /* Models */,
				7CE54C90298417A000676743 /* Preview Content */,
			);
			path = UnifiedGroceryApp;
			sourceTree = "<group>";
		};
		7CE54C90298417A000676743 /* Preview Content */ = {
			isa = PBXGroup;
			children = (
				7CE54C91298417A000676743 /* Preview Assets.xcassets */,
			);
			path = "Preview Content";
			sourceTree = "<group>";
		};
		7CE54C9A298417A000676743 /* UnifiedGroceryAppTests */ = {
			isa = PBXGroup;
			children = (
				7CE54C9B298417A000676743 /* UnifiedGroceryAppTests.swift */,
			);
			path = UnifiedGroceryAppTests;
			sourceTree = "<group>";
		};
		7CE54CA4298417A000676743 /* UnifiedGroceryAppUITests */ = {
			isa = PBXGroup;
			children = (
				7CE54CA5298417A000676743 /* UnifiedGroceryAppUITests.swift */,
				7CE54CA7298417A000676743 /* UnifiedGroceryAppUITestsLaunchTests.swift */,
			);
			path = UnifiedGroceryAppUITests;
			sourceTree = "<group>";
		};
		7CED8D9729DB54140051A263 /* Models */ = {
			isa = PBXGroup;
			children = (
				7C549DA529DC796000DEEC91 /* Recipe.swift */,
				7CF695FF29E5030C0018187C /* Ingredient.swift */,
			);
			path = Models;
			sourceTree = "<group>";
		};
		7CED8D9C29DB559B0051A263 /* ViewModels */ = {
			isa = PBXGroup;
			children = (
				7CED8D9D29DB55B70051A263 /* ViewModel.swift */,
				7C86724329E490C6000C492F /* FridgeViewModel.swift */,
				7C05ADA12A016D490093F3AC /* RecommenderViewModel.swift */,
			);
			path = ViewModels;
			sourceTree = "<group>";
		};
		F2381C7029C8DF7000BEA098 /* Views */ = {
			isa = PBXGroup;
			children = (
				F2DCE4DB2A016E5700841739 /* AddView.swift */,
				F2DCE4DD2A016E6B00841739 /* SettingsView.swift */,
				F2381C6E29C8D6E900BEA098 /* RecipeView.swift */,
				F2D1866529DDF731004B1292 /* RecipeObjectView.swift */,
				F2381C7129C8DF9700BEA098 /* HomeView.swift */,
				F2381C7329C8DFA000BEA098 /* EditView.swift */,
				F2381C7529C8DFB100BEA098 /* FridgeView.swift */,
			);
			path = Views;
			sourceTree = "<group>";
		};
/* End PBXGroup section */

/* Begin PBXNativeTarget section */
		7CE54C862984179F00676743 /* Unified Grocery App */ = {
			isa = PBXNativeTarget;
			buildConfigurationList = 7CE54CAB298417A000676743 /* Build configuration list for PBXNativeTarget "Unified Grocery App" */;
			buildPhases = (
				7CE54C832984179F00676743 /* Sources */,
				7CE54C842984179F00676743 /* Frameworks */,
				7CE54C852984179F00676743 /* Resources */,
			);
			buildRules = (
			);
			dependencies = (
			);
			name = "Unified Grocery App";
			packageProductDependencies = (
				7C72D21029D4AFD800E4A2CC /* FirebaseAnalytics */,
				7C72D21229D4AFD800E4A2CC /* FirebaseAnalyticsOnDeviceConversion */,
				7C72D21429D4AFD800E4A2CC /* FirebaseAnalyticsSwift */,
				7C72D21629D4AFD800E4A2CC /* FirebaseAnalyticsWithoutAdIdSupport */,
				7C72D21829D4AFD800E4A2CC /* FirebaseAuth */,
				7C72D21A29D4AFD800E4A2CC /* FirebaseAuthCombine-Community */,
				7C72D21C29D4AFD800E4A2CC /* FirebaseDatabase */,
				7C72D21E29D4AFD800E4A2CC /* FirebaseDatabaseSwift */,
				7C72D22029D4AFD800E4A2CC /* FirebaseFirestore */,
				7C72D22229D4AFD800E4A2CC /* FirebaseFirestoreCombine-Community */,
				7C72D22429D4AFD800E4A2CC /* FirebaseFirestoreSwift */,
				7C72D22629D4AFD800E4A2CC /* FirebaseMLModelDownloader */,
				7C72D22829D4AFD800E4A2CC /* FirebaseStorage */,
				7C72D22A29D4AFD800E4A2CC /* FirebaseStorageCombine-Community */,
			);
			productName = UnifiedGroceryApp;
			productReference = 7CE54C872984179F00676743 /* Unified Grocery App.app */;
			productType = "com.apple.product-type.application";
		};
		7CE54C96298417A000676743 /* Unified Grocery AppTests */ = {
			isa = PBXNativeTarget;
			buildConfigurationList = 7CE54CAE298417A000676743 /* Build configuration list for PBXNativeTarget "Unified Grocery AppTests" */;
			buildPhases = (
				7CE54C93298417A000676743 /* Sources */,
				7CE54C94298417A000676743 /* Frameworks */,
				7CE54C95298417A000676743 /* Resources */,
			);
			buildRules = (
			);
			dependencies = (
				7CE54C99298417A000676743 /* PBXTargetDependency */,
			);
			name = "Unified Grocery AppTests";
			productName = UnifiedGroceryAppTests;
			productReference = 7CE54C97298417A000676743 /* Unified Grocery AppTests.xctest */;
			productType = "com.apple.product-type.bundle.unit-test";
		};
		7CE54CA0298417A000676743 /* Unified Grocery AppUITests */ = {
			isa = PBXNativeTarget;
			buildConfigurationList = 7CE54CB1298417A000676743 /* Build configuration list for PBXNativeTarget "Unified Grocery AppUITests" */;
			buildPhases = (
				7CE54C9D298417A000676743 /* Sources */,
				7CE54C9E298417A000676743 /* Frameworks */,
				7CE54C9F298417A000676743 /* Resources */,
			);
			buildRules = (
			);
			dependencies = (
				7CE54CA3298417A000676743 /* PBXTargetDependency */,
			);
			name = "Unified Grocery AppUITests";
			productName = UnifiedGroceryAppUITests;
			productReference = 7CE54CA1298417A000676743 /* Unified Grocery AppUITests.xctest */;
			productType = "com.apple.product-type.bundle.ui-testing";
		};
/* End PBXNativeTarget section */

/* Begin PBXProject section */
		7CE54C7F2984179F00676743 /* Project object */ = {
			isa = PBXProject;
			attributes = {
				BuildIndependentTargetsInParallel = 1;
				KnownAssetTags = (
					New,
				);
				LastSwiftUpdateCheck = 1420;
				LastUpgradeCheck = 1420;
				TargetAttributes = {
					7CE54C862984179F00676743 = {
						CreatedOnToolsVersion = 14.2;
					};
					7CE54C96298417A000676743 = {
						CreatedOnToolsVersion = 14.2;
						TestTargetID = 7CE54C862984179F00676743;
					};
					7CE54CA0298417A000676743 = {
						CreatedOnToolsVersion = 14.2;
						TestTargetID = 7CE54C862984179F00676743;
					};
				};
			};
			buildConfigurationList = 7CE54C822984179F00676743 /* Build configuration list for PBXProject "Unified Grocery App" */;
			compatibilityVersion = "Xcode 14.0";
			developmentRegion = en;
			hasScannedForEncodings = 0;
			knownRegions = (
				en,
				Base,
			);
			mainGroup = 7CE54C7E2984179F00676743;
			packageReferences = (
				7C72D20F29D4AFD800E4A2CC /* XCRemoteSwiftPackageReference "firebase-ios-sdk" */,
			);
			productRefGroup = 7CE54C882984179F00676743 /* Products */;
			projectDirPath = "";
			projectRoot = "";
			targets = (
				7CE54C862984179F00676743 /* Unified Grocery App */,
				7CE54C96298417A000676743 /* Unified Grocery AppTests */,
				7CE54CA0298417A000676743 /* Unified Grocery AppUITests */,
			);
		};
/* End PBXProject section */

/* Begin PBXResourcesBuildPhase section */
		7CE54C852984179F00676743 /* Resources */ = {
			isa = PBXResourcesBuildPhase;
			buildActionMask = 2147483647;
			files = (
				7CE54C92298417A000676743 /* Preview Assets.xcassets in Resources */,
				7CE54C8F298417A000676743 /* Assets.xcassets in Resources */,
				7C72D20E29D4AFA700E4A2CC /* GoogleService-Info.plist in Resources */,
			);
			runOnlyForDeploymentPostprocessing = 0;
		};
		7CE54C95298417A000676743 /* Resources */ = {
			isa = PBXResourcesBuildPhase;
			buildActionMask = 2147483647;
			files = (
			);
			runOnlyForDeploymentPostprocessing = 0;
		};
		7CE54C9F298417A000676743 /* Resources */ = {
			isa = PBXResourcesBuildPhase;
			buildActionMask = 2147483647;
			files = (
			);
			runOnlyForDeploymentPostprocessing = 0;
		};
/* End PBXResourcesBuildPhase section */

/* Begin PBXSourcesBuildPhase section */
		7CE54C832984179F00676743 /* Sources */ = {
			isa = PBXSourcesBuildPhase;
			buildActionMask = 2147483647;
			files = (
				7CF6960029E5030C0018187C /* Ingredient.swift in Sources */,
				7CED8D9E29DB55B70051A263 /* ViewModel.swift in Sources */,
				F2381C6F29C8D6E900BEA098 /* RecipeView.swift in Sources */,
				F2381C7229C8DF9700BEA098 /* HomeView.swift in Sources */,
				F2381C7429C8DFA000BEA098 /* EditView.swift in Sources */,
				F2D1866629DDF731004B1292 /* RecipeObjectView.swift in Sources */,
				7C05ADA22A016D490093F3AC /* RecommenderViewModel.swift in Sources */,
				7CE54C8D2984179F00676743 /* ContentView.swift in Sources */,
				7CE54C8B2984179F00676743 /* UnifiedGroceryAppApp.swift in Sources */,
				F2DCE4DC2A016E5700841739 /* AddView.swift in Sources */,
				F2381C7629C8DFB100BEA098 /* FridgeView.swift in Sources */,
				7C86724429E490C6000C492F /* FridgeViewModel.swift in Sources */,
				7C549DA629DC796000DEEC91 /* Recipe.swift in Sources */,
				F2DCE4DE2A016E6B00841739 /* SettingsView.swift in Sources */,
			);
			runOnlyForDeploymentPostprocessing = 0;
		};
		7CE54C93298417A000676743 /* Sources */ = {
			isa = PBXSourcesBuildPhase;
			buildActionMask = 2147483647;
			files = (
				7CE54C9C298417A000676743 /* UnifiedGroceryAppTests.swift in Sources */,
			);
			runOnlyForDeploymentPostprocessing = 0;
		};
		7CE54C9D298417A000676743 /* Sources */ = {
			isa = PBXSourcesBuildPhase;
			buildActionMask = 2147483647;
			files = (
				7CE54CA6298417A000676743 /* UnifiedGroceryAppUITests.swift in Sources */,
				7CE54CA8298417A000676743 /* UnifiedGroceryAppUITestsLaunchTests.swift in Sources */,
			);
			runOnlyForDeploymentPostprocessing = 0;
		};
/* End PBXSourcesBuildPhase section */

/* Begin PBXTargetDependency section */
		7CE54C99298417A000676743 /* PBXTargetDependency */ = {
			isa = PBXTargetDependency;
			target = 7CE54C862984179F00676743 /* Unified Grocery App */;
			targetProxy = 7CE54C98298417A000676743 /* PBXContainerItemProxy */;
		};
		7CE54CA3298417A000676743 /* PBXTargetDependency */ = {
			isa = PBXTargetDependency;
			target = 7CE54C862984179F00676743 /* Unified Grocery App */;
			targetProxy = 7CE54CA2298417A000676743 /* PBXContainerItemProxy */;
		};
/* End PBXTargetDependency section */

/* Begin XCBuildConfiguration section */
		7CE54CA9298417A000676743 /* Debug */ = {
			isa = XCBuildConfiguration;
			buildSettings = {
				ALWAYS_SEARCH_USER_PATHS = NO;
				CLANG_ANALYZER_NONNULL = YES;
				CLANG_ANALYZER_NUMBER_OBJECT_CONVERSION = YES_AGGRESSIVE;
				CLANG_CXX_LANGUAGE_STANDARD = "gnu++20";
				CLANG_ENABLE_MODULES = YES;
				CLANG_ENABLE_OBJC_ARC = YES;
				CLANG_ENABLE_OBJC_WEAK = YES;
				CLANG_WARN_BLOCK_CAPTURE_AUTORELEASING = YES;
				CLANG_WARN_BOOL_CONVERSION = YES;
				CLANG_WARN_COMMA = YES;
				CLANG_WARN_CONSTANT_CONVERSION = YES;
				CLANG_WARN_DEPRECATED_OBJC_IMPLEMENTATIONS = YES;
				CLANG_WARN_DIRECT_OBJC_ISA_USAGE = YES_ERROR;
				CLANG_WARN_DOCUMENTATION_COMMENTS = YES;
				CLANG_WARN_EMPTY_BODY = YES;
				CLANG_WARN_ENUM_CONVERSION = YES;
				CLANG_WARN_INFINITE_RECURSION = YES;
				CLANG_WARN_INT_CONVERSION = YES;
				CLANG_WARN_NON_LITERAL_NULL_CONVERSION = YES;
				CLANG_WARN_OBJC_IMPLICIT_RETAIN_SELF = YES;
				CLANG_WARN_OBJC_LITERAL_CONVERSION = YES;
				CLANG_WARN_OBJC_ROOT_CLASS = YES_ERROR;
				CLANG_WARN_QUOTED_INCLUDE_IN_FRAMEWORK_HEADER = YES;
				CLANG_WARN_RANGE_LOOP_ANALYSIS = YES;
				CLANG_WARN_STRICT_PROTOTYPES = YES;
				CLANG_WARN_SUSPICIOUS_MOVE = YES;
				CLANG_WARN_UNGUARDED_AVAILABILITY = YES_AGGRESSIVE;
				CLANG_WARN_UNREACHABLE_CODE = YES;
				CLANG_WARN__DUPLICATE_METHOD_MATCH = YES;
				COPY_PHASE_STRIP = NO;
				DEBUG_INFORMATION_FORMAT = dwarf;
				ENABLE_STRICT_OBJC_MSGSEND = YES;
				ENABLE_TESTABILITY = YES;
				GCC_C_LANGUAGE_STANDARD = gnu11;
				GCC_DYNAMIC_NO_PIC = NO;
				GCC_NO_COMMON_BLOCKS = YES;
				GCC_OPTIMIZATION_LEVEL = 0;
				GCC_PREPROCESSOR_DEFINITIONS = (
					"DEBUG=1",
					"$(inherited)",
				);
				GCC_WARN_64_TO_32_BIT_CONVERSION = YES;
				GCC_WARN_ABOUT_RETURN_TYPE = YES_ERROR;
				GCC_WARN_UNDECLARED_SELECTOR = YES;
				GCC_WARN_UNINITIALIZED_AUTOS = YES_AGGRESSIVE;
				GCC_WARN_UNUSED_FUNCTION = YES;
				GCC_WARN_UNUSED_VARIABLE = YES;
				IPHONEOS_DEPLOYMENT_TARGET = 16.2;
				MTL_ENABLE_DEBUG_INFO = INCLUDE_SOURCE;
				MTL_FAST_MATH = YES;
				ONLY_ACTIVE_ARCH = YES;
				SDKROOT = iphoneos;
				SWIFT_ACTIVE_COMPILATION_CONDITIONS = DEBUG;
				SWIFT_OPTIMIZATION_LEVEL = "-Onone";
			};
			name = Debug;
		};
		7CE54CAA298417A000676743 /* Release */ = {
			isa = XCBuildConfiguration;
			buildSettings = {
				ALWAYS_SEARCH_USER_PATHS = NO;
				CLANG_ANALYZER_NONNULL = YES;
				CLANG_ANALYZER_NUMBER_OBJECT_CONVERSION = YES_AGGRESSIVE;
				CLANG_CXX_LANGUAGE_STANDARD = "gnu++20";
				CLANG_ENABLE_MODULES = YES;
				CLANG_ENABLE_OBJC_ARC = YES;
				CLANG_ENABLE_OBJC_WEAK = YES;
				CLANG_WARN_BLOCK_CAPTURE_AUTORELEASING = YES;
				CLANG_WARN_BOOL_CONVERSION = YES;
				CLANG_WARN_COMMA = YES;
				CLANG_WARN_CONSTANT_CONVERSION = YES;
				CLANG_WARN_DEPRECATED_OBJC_IMPLEMENTATIONS = YES;
				CLANG_WARN_DIRECT_OBJC_ISA_USAGE = YES_ERROR;
				CLANG_WARN_DOCUMENTATION_COMMENTS = YES;
				CLANG_WARN_EMPTY_BODY = YES;
				CLANG_WARN_ENUM_CONVERSION = YES;
				CLANG_WARN_INFINITE_RECURSION = YES;
				CLANG_WARN_INT_CONVERSION = YES;
				CLANG_WARN_NON_LITERAL_NULL_CONVERSION = YES;
				CLANG_WARN_OBJC_IMPLICIT_RETAIN_SELF = YES;
				CLANG_WARN_OBJC_LITERAL_CONVERSION = YES;
				CLANG_WARN_OBJC_ROOT_CLASS = YES_ERROR;
				CLANG_WARN_QUOTED_INCLUDE_IN_FRAMEWORK_HEADER = YES;
				CLANG_WARN_RANGE_LOOP_ANALYSIS = YES;
				CLANG_WARN_STRICT_PROTOTYPES = YES;
				CLANG_WARN_SUSPICIOUS_MOVE = YES;
				CLANG_WARN_UNGUARDED_AVAILABILITY = YES_AGGRESSIVE;
				CLANG_WARN_UNREACHABLE_CODE = YES;
				CLANG_WARN__DUPLICATE_METHOD_MATCH = YES;
				COPY_PHASE_STRIP = NO;
				DEBUG_INFORMATION_FORMAT = "dwarf-with-dsym";
				ENABLE_NS_ASSERTIONS = NO;
				ENABLE_STRICT_OBJC_MSGSEND = YES;
				GCC_C_LANGUAGE_STANDARD = gnu11;
				GCC_NO_COMMON_BLOCKS = YES;
				GCC_WARN_64_TO_32_BIT_CONVERSION = YES;
				GCC_WARN_ABOUT_RETURN_TYPE = YES_ERROR;
				GCC_WARN_UNDECLARED_SELECTOR = YES;
				GCC_WARN_UNINITIALIZED_AUTOS = YES_AGGRESSIVE;
				GCC_WARN_UNUSED_FUNCTION = YES;
				GCC_WARN_UNUSED_VARIABLE = YES;
				IPHONEOS_DEPLOYMENT_TARGET = 16.2;
				MTL_ENABLE_DEBUG_INFO = NO;
				MTL_FAST_MATH = YES;
				SDKROOT = iphoneos;
				SWIFT_COMPILATION_MODE = wholemodule;
				SWIFT_OPTIMIZATION_LEVEL = "-O";
				VALIDATE_PRODUCT = YES;
			};
			name = Release;
		};
		7CE54CAC298417A000676743 /* Debug */ = {
			isa = XCBuildConfiguration;
			buildSettings = {
				ASSETCATALOG_COMPILER_APPICON_NAME = AppIcon;
				ASSETCATALOG_COMPILER_GLOBAL_ACCENT_COLOR_NAME = AccentColor;
				ASSETCATALOG_COMPILER_INCLUDE_ALL_APPICON_ASSETS = YES;
				CODE_SIGN_IDENTITY = "Apple Development";
				CODE_SIGN_STYLE = Automatic;
				CURRENT_PROJECT_VERSION = 1;
				DEVELOPMENT_ASSET_PATHS = "\"UnifiedGroceryApp/Preview Content\"";
				DEVELOPMENT_TEAM = 6JVL9XXT7F;
				ENABLE_PREVIEWS = YES;
				GENERATE_INFOPLIST_FILE = YES;
				INFOPLIST_KEY_CFBundleDisplayName = "Unified Grocery App";
				INFOPLIST_KEY_LSApplicationCategoryType = "public.app-category.food-and-drink";
				INFOPLIST_KEY_UIApplicationSceneManifest_Generation = YES;
				INFOPLIST_KEY_UIApplicationSupportsIndirectInputEvents = YES;
				INFOPLIST_KEY_UILaunchScreen_Generation = YES;
				INFOPLIST_KEY_UISupportedInterfaceOrientations = UIInterfaceOrientationPortrait;
				INFOPLIST_KEY_UISupportedInterfaceOrientations_iPad = "UIInterfaceOrientationLandscapeLeft UIInterfaceOrientationLandscapeRight UIInterfaceOrientationPortrait UIInterfaceOrientationPortraitUpsideDown";
				LD_RUNPATH_SEARCH_PATHS = (
					"$(inherited)",
					"@executable_path/Frameworks",
				);
				MARKETING_VERSION = 1.0;
				PRODUCT_BUNDLE_IDENTIFIER = travtran1.UnifiedGroceryApp;
				PRODUCT_NAME = "$(TARGET_NAME)";
				PROVISIONING_PROFILE_SPECIFIER = "";
				SUPPORTED_PLATFORMS = "iphoneos iphonesimulator";
				SUPPORTS_MACCATALYST = NO;
				SUPPORTS_MAC_DESIGNED_FOR_IPHONE_IPAD = NO;
				SWIFT_EMIT_LOC_STRINGS = YES;
				SWIFT_VERSION = 5.0;
				TARGETED_DEVICE_FAMILY = 1;
			};
			name = Debug;
		};
		7CE54CAD298417A000676743 /* Release */ = {
			isa = XCBuildConfiguration;
			buildSettings = {
				ASSETCATALOG_COMPILER_APPICON_NAME = AppIcon;
				ASSETCATALOG_COMPILER_GLOBAL_ACCENT_COLOR_NAME = AccentColor;
				ASSETCATALOG_COMPILER_INCLUDE_ALL_APPICON_ASSETS = YES;
				CODE_SIGN_IDENTITY = "Apple Development";
				CODE_SIGN_STYLE = Automatic;
				CURRENT_PROJECT_VERSION = 1;
				DEVELOPMENT_ASSET_PATHS = "\"UnifiedGroceryApp/Preview Content\"";
				DEVELOPMENT_TEAM = 6JVL9XXT7F;
				ENABLE_PREVIEWS = YES;
				GENERATE_INFOPLIST_FILE = YES;
				INFOPLIST_KEY_CFBundleDisplayName = "Unified Grocery App";
				INFOPLIST_KEY_LSApplicationCategoryType = "public.app-category.food-and-drink";
				INFOPLIST_KEY_UIApplicationSceneManifest_Generation = YES;
				INFOPLIST_KEY_UIApplicationSupportsIndirectInputEvents = YES;
				INFOPLIST_KEY_UILaunchScreen_Generation = YES;
				INFOPLIST_KEY_UISupportedInterfaceOrientations = UIInterfaceOrientationPortrait;
				INFOPLIST_KEY_UISupportedInterfaceOrientations_iPad = "UIInterfaceOrientationLandscapeLeft UIInterfaceOrientationLandscapeRight UIInterfaceOrientationPortrait UIInterfaceOrientationPortraitUpsideDown";
				LD_RUNPATH_SEARCH_PATHS = (
					"$(inherited)",
					"@executable_path/Frameworks",
				);
				MARKETING_VERSION = 1.0;
				PRODUCT_BUNDLE_IDENTIFIER = travtran1.UnifiedGroceryApp;
				PRODUCT_NAME = "$(TARGET_NAME)";
				PROVISIONING_PROFILE_SPECIFIER = "";
				SUPPORTED_PLATFORMS = "iphoneos iphonesimulator";
				SUPPORTS_MACCATALYST = NO;
				SUPPORTS_MAC_DESIGNED_FOR_IPHONE_IPAD = NO;
				SWIFT_EMIT_LOC_STRINGS = YES;
				SWIFT_VERSION = 5.0;
				TARGETED_DEVICE_FAMILY = 1;
			};
			name = Release;
		};
		7CE54CAF298417A000676743 /* Debug */ = {
			isa = XCBuildConfiguration;
			buildSettings = {
				ALWAYS_EMBED_SWIFT_STANDARD_LIBRARIES = YES;
				BUNDLE_LOADER = "$(TEST_HOST)";
				CODE_SIGN_STYLE = Automatic;
				CURRENT_PROJECT_VERSION = 1;
				GENERATE_INFOPLIST_FILE = YES;
				IPHONEOS_DEPLOYMENT_TARGET = 16.2;
				MARKETING_VERSION = 1.0;
				PRODUCT_BUNDLE_IDENTIFIER = josephyu12.UnifiedGroceryAppTests;
				PRODUCT_NAME = "$(TARGET_NAME)";
				SWIFT_EMIT_LOC_STRINGS = NO;
				SWIFT_VERSION = 5.0;
				TARGETED_DEVICE_FAMILY = "1,2";
				TEST_HOST = "$(BUILT_PRODUCTS_DIR)/Unified Grocery App.app/$(BUNDLE_EXECUTABLE_FOLDER_PATH)/Unified Grocery App";
			};
			name = Debug;
		};
		7CE54CB0298417A000676743 /* Release */ = {
			isa = XCBuildConfiguration;
			buildSettings = {
				ALWAYS_EMBED_SWIFT_STANDARD_LIBRARIES = YES;
				BUNDLE_LOADER = "$(TEST_HOST)";
				CODE_SIGN_STYLE = Automatic;
				CURRENT_PROJECT_VERSION = 1;
				GENERATE_INFOPLIST_FILE = YES;
				IPHONEOS_DEPLOYMENT_TARGET = 16.2;
				MARKETING_VERSION = 1.0;
				PRODUCT_BUNDLE_IDENTIFIER = josephyu12.UnifiedGroceryAppTests;
				PRODUCT_NAME = "$(TARGET_NAME)";
				SWIFT_EMIT_LOC_STRINGS = NO;
				SWIFT_VERSION = 5.0;
				TARGETED_DEVICE_FAMILY = "1,2";
				TEST_HOST = "$(BUILT_PRODUCTS_DIR)/Unified Grocery App.app/$(BUNDLE_EXECUTABLE_FOLDER_PATH)/Unified Grocery App";
			};
			name = Release;
		};
		7CE54CB2298417A000676743 /* Debug */ = {
			isa = XCBuildConfiguration;
			buildSettings = {
				ALWAYS_EMBED_SWIFT_STANDARD_LIBRARIES = YES;
				CODE_SIGN_STYLE = Automatic;
				CURRENT_PROJECT_VERSION = 1;
				GENERATE_INFOPLIST_FILE = YES;
				MARKETING_VERSION = 1.0;
				PRODUCT_BUNDLE_IDENTIFIER = josephyu12.UnifiedGroceryAppUITests;
				PRODUCT_NAME = "$(TARGET_NAME)";
				SWIFT_EMIT_LOC_STRINGS = NO;
				SWIFT_VERSION = 5.0;
				TARGETED_DEVICE_FAMILY = "1,2";
				TEST_TARGET_NAME = UnifiedGroceryApp;
			};
			name = Debug;
		};
		7CE54CB3298417A000676743 /* Release */ = {
			isa = XCBuildConfiguration;
			buildSettings = {
				ALWAYS_EMBED_SWIFT_STANDARD_LIBRARIES = YES;
				CODE_SIGN_STYLE = Automatic;
				CURRENT_PROJECT_VERSION = 1;
				GENERATE_INFOPLIST_FILE = YES;
				MARKETING_VERSION = 1.0;
				PRODUCT_BUNDLE_IDENTIFIER = josephyu12.UnifiedGroceryAppUITests;
				PRODUCT_NAME = "$(TARGET_NAME)";
				SWIFT_EMIT_LOC_STRINGS = NO;
				SWIFT_VERSION = 5.0;
				TARGETED_DEVICE_FAMILY = "1,2";
				TEST_TARGET_NAME = UnifiedGroceryApp;
			};
			name = Release;
		};
/* End XCBuildConfiguration section */

/* Begin XCConfigurationList section */
		7CE54C822984179F00676743 /* Build configuration list for PBXProject "Unified Grocery App" */ = {
			isa = XCConfigurationList;
			buildConfigurations = (
				7CE54CA9298417A000676743 /* Debug */,
				7CE54CAA298417A000676743 /* Release */,
			);
			defaultConfigurationIsVisible = 0;
			defaultConfigurationName = Release;
		};
		7CE54CAB298417A000676743 /* Build configuration list for PBXNativeTarget "Unified Grocery App" */ = {
			isa = XCConfigurationList;
			buildConfigurations = (
				7CE54CAC298417A000676743 /* Debug */,
				7CE54CAD298417A000676743 /* Release */,
			);
			defaultConfigurationIsVisible = 0;
			defaultConfigurationName = Release;
		};
		7CE54CAE298417A000676743 /* Build configuration list for PBXNativeTarget "Unified Grocery AppTests" */ = {
			isa = XCConfigurationList;
			buildConfigurations = (
				7CE54CAF298417A000676743 /* Debug */,
				7CE54CB0298417A000676743 /* Release */,
			);
			defaultConfigurationIsVisible = 0;
			defaultConfigurationName = Release;
		};
		7CE54CB1298417A000676743 /* Build configuration list for PBXNativeTarget "Unified Grocery AppUITests" */ = {
			isa = XCConfigurationList;
			buildConfigurations = (
				7CE54CB2298417A000676743 /* Debug */,
				7CE54CB3298417A000676743 /* Release */,
			);
			defaultConfigurationIsVisible = 0;
			defaultConfigurationName = Release;
		};
/* End XCConfigurationList section */

/* Begin XCRemoteSwiftPackageReference section */
		7C72D20F29D4AFD800E4A2CC /* XCRemoteSwiftPackageReference "firebase-ios-sdk" */ = {
			isa = XCRemoteSwiftPackageReference;
			repositoryURL = "https://github.com/firebase/firebase-ios-sdk";
			requirement = {
				branch = master;
				kind = branch;
			};
		};
/* End XCRemoteSwiftPackageReference section */

/* Begin XCSwiftPackageProductDependency section */
		7C72D21029D4AFD800E4A2CC /* FirebaseAnalytics */ = {
			isa = XCSwiftPackageProductDependency;
			package = 7C72D20F29D4AFD800E4A2CC /* XCRemoteSwiftPackageReference "firebase-ios-sdk" */;
			productName = FirebaseAnalytics;
		};
		7C72D21229D4AFD800E4A2CC /* FirebaseAnalyticsOnDeviceConversion */ = {
			isa = XCSwiftPackageProductDependency;
			package = 7C72D20F29D4AFD800E4A2CC /* XCRemoteSwiftPackageReference "firebase-ios-sdk" */;
			productName = FirebaseAnalyticsOnDeviceConversion;
		};
		7C72D21429D4AFD800E4A2CC /* FirebaseAnalyticsSwift */ = {
			isa = XCSwiftPackageProductDependency;
			package = 7C72D20F29D4AFD800E4A2CC /* XCRemoteSwiftPackageReference "firebase-ios-sdk" */;
			productName = FirebaseAnalyticsSwift;
		};
		7C72D21629D4AFD800E4A2CC /* FirebaseAnalyticsWithoutAdIdSupport */ = {
			isa = XCSwiftPackageProductDependency;
			package = 7C72D20F29D4AFD800E4A2CC /* XCRemoteSwiftPackageReference "firebase-ios-sdk" */;
			productName = FirebaseAnalyticsWithoutAdIdSupport;
		};
		7C72D21829D4AFD800E4A2CC /* FirebaseAuth */ = {
			isa = XCSwiftPackageProductDependency;
			package = 7C72D20F29D4AFD800E4A2CC /* XCRemoteSwiftPackageReference "firebase-ios-sdk" */;
			productName = FirebaseAuth;
		};
		7C72D21A29D4AFD800E4A2CC /* FirebaseAuthCombine-Community */ = {
			isa = XCSwiftPackageProductDependency;
			package = 7C72D20F29D4AFD800E4A2CC /* XCRemoteSwiftPackageReference "firebase-ios-sdk" */;
			productName = "FirebaseAuthCombine-Community";
		};
		7C72D21C29D4AFD800E4A2CC /* FirebaseDatabase */ = {
			isa = XCSwiftPackageProductDependency;
			package = 7C72D20F29D4AFD800E4A2CC /* XCRemoteSwiftPackageReference "firebase-ios-sdk" */;
			productName = FirebaseDatabase;
		};
		7C72D21E29D4AFD800E4A2CC /* FirebaseDatabaseSwift */ = {
			isa = XCSwiftPackageProductDependency;
			package = 7C72D20F29D4AFD800E4A2CC /* XCRemoteSwiftPackageReference "firebase-ios-sdk" */;
			productName = FirebaseDatabaseSwift;
		};
		7C72D22029D4AFD800E4A2CC /* FirebaseFirestore */ = {
			isa = XCSwiftPackageProductDependency;
			package = 7C72D20F29D4AFD800E4A2CC /* XCRemoteSwiftPackageReference "firebase-ios-sdk" */;
			productName = FirebaseFirestore;
		};
		7C72D22229D4AFD800E4A2CC /* FirebaseFirestoreCombine-Community */ = {
			isa = XCSwiftPackageProductDependency;
			package = 7C72D20F29D4AFD800E4A2CC /* XCRemoteSwiftPackageReference "firebase-ios-sdk" */;
			productName = "FirebaseFirestoreCombine-Community";
		};
		7C72D22429D4AFD800E4A2CC /* FirebaseFirestoreSwift */ = {
			isa = XCSwiftPackageProductDependency;
			package = 7C72D20F29D4AFD800E4A2CC /* XCRemoteSwiftPackageReference "firebase-ios-sdk" */;
			productName = FirebaseFirestoreSwift;
		};
		7C72D22629D4AFD800E4A2CC /* FirebaseMLModelDownloader */ = {
			isa = XCSwiftPackageProductDependency;
			package = 7C72D20F29D4AFD800E4A2CC /* XCRemoteSwiftPackageReference "firebase-ios-sdk" */;
			productName = FirebaseMLModelDownloader;
		};
		7C72D22829D4AFD800E4A2CC /* FirebaseStorage */ = {
			isa = XCSwiftPackageProductDependency;
			package = 7C72D20F29D4AFD800E4A2CC /* XCRemoteSwiftPackageReference "firebase-ios-sdk" */;
			productName = FirebaseStorage;
		};
		7C72D22A29D4AFD800E4A2CC /* FirebaseStorageCombine-Community */ = {
			isa = XCSwiftPackageProductDependency;
			package = 7C72D20F29D4AFD800E4A2CC /* XCRemoteSwiftPackageReference "firebase-ios-sdk" */;
			productName = "FirebaseStorageCombine-Community";
		};
/* End XCSwiftPackageProductDependency section */
	};
	rootObject = 7CE54C7F2984179F00676743 /* Project object */;
}
